
Microsoft Visual Studio Solution File, Format Version 12.00
# Visual Studio 14
VisualStudioVersion = 14.0.25123.0
MinimumVisualStudioVersion = 10.0.40219.1
Project("{FAE04EC0-301F-11D3-BF4B-00C04F79EFBC}") = "Entity", "Entity\Entity.csproj", "{3A0005A0-F262-4F60-9E2F-5F4B154BAF31}"
EndProject
Project("{FAE04EC0-301F-11D3-BF4B-00C04F79EFBC}") = "Business", "Business\Business.csproj", "{C5270B27-C38B-4E7C-9A6E-F2B52F828D6E}"
EndProject
Project("{FAE04EC0-301F-11D3-BF4B-00C04F79EFBC}") = "Presentation", "Presentation\Presentation.csproj", "{8114C0BA-6DCC-4831-B8FD-A30F4B131110}"
EndProject
Project("{FAE04EC0-301F-11D3-BF4B-00C04F79EFBC}") = "DAL", "DAL\DAL.csproj", "{7E7D33B5-6802-4619-B0B2-DCDB49A1839F}"
EndProject
Project("{FAE04EC0-301F-11D3-BF4B-00C04F79EFBC}") = "Repository", "Repository\Repository.csproj", "{B8210C6F-7E41-430A-A82A-AF3E3A1C26FC}"
EndProject
Project("{FAE04EC0-301F-11D3-BF4B-00C04F79EFBC}") = "Test", "Test\Test.csproj", "{776B6D37-2D2A-4369-89E5-8330C8CFF46F}"
EndProject
Global
	GlobalSection(SolutionConfigurationPlatforms) = preSolution
		Debug|Any CPU = Debug|Any CPU
		Release|Any CPU = Release|Any CPU
	EndGlobalSection
	GlobalSection(ProjectConfigurationPlatforms) = postSolution
		{3A0005A0-F262-4F60-9E2F-5F4B154BAF31}.Debug|Any CPU.ActiveCfg = Debug|Any CPU
		{3A0005A0-F262-4F60-9E2F-5F4B154BAF31}.Debug|Any CPU.Build.0 = Debug|Any CPU
		{3A0005A0-F262-4F60-9E2F-5F4B154BAF31}.Release|Any CPU.ActiveCfg = Release|Any CPU
		{3A0005A0-F262-4F60-9E2F-5F4B154BAF31}.Release|Any CPU.Build.0 = Release|Any CPU
		{C5270B27-C38B-4E7C-9A6E-F2B52F828D6E}.Debug|Any CPU.ActiveCfg = Debug|Any CPU
		{C5270B27-C38B-4E7C-9A6E-F2B52F828D6E}.Debug|Any CPU.Build.0 = Debug|Any CPU
		{C5270B27-C38B-4E7C-9A6E-F2B52F828D6E}.Release|Any CPU.ActiveCfg = Release|Any CPU
		{C5270B27-C38B-4E7C-9A6E-F2B52F828D6E}.Release|Any CPU.Build.0 = Release|Any CPU
		{8114C0BA-6DCC-4831-B8FD-A30F4B131110}.Debug|Any CPU.ActiveCfg = Debug|Any CPU
		{8114C0BA-6DCC-4831-B8FD-A30F4B131110}.Debug|Any CPU.Build.0 = Debug|Any CPU
		{8114C0BA-6DCC-4831-B8FD-A30F4B131110}.Release|Any CPU.ActiveCfg = Release|Any CPU
		{8114C0BA-6DCC-4831-B8FD-A30F4B131110}.Release|Any CPU.Build.0 = Release|Any CPU
		{7E7D33B5-6802-4619-B0B2-DCDB49A1839F}.Debug|Any CPU.ActiveCfg = Debug|Any CPU
		{7E7D33B5-6802-4619-B0B2-DCDB49A1839F}.Debug|Any CPU.Build.0 = Debug|Any CPU
		{7E7D33B5-6802-4619-B0B2-DCDB49A1839F}.Release|Any CPU.ActiveCfg = Release|Any CPU
		{7E7D33B5-6802-4619-B0B2-DCDB49A1839F}.Release|Any CPU.Build.0 = Release|Any CPU
		{B8210C6F-7E41-430A-A82A-AF3E3A1C26FC}.Debug|Any CPU.ActiveCfg = Debug|Any CPU
		{B8210C6F-7E41-430A-A82A-AF3E3A1C26FC}.Debug|Any CPU.Build.0 = Debug|Any CPU
		{B8210C6F-7E41-430A-A82A-AF3E3A1C26FC}.Release|Any CPU.ActiveCfg = Release|Any CPU
		{B8210C6F-7E41-430A-A82A-AF3E3A1C26FC}.Release|Any CPU.Build.0 = Release|Any CPU
		{776B6D37-2D2A-4369-89E5-8330C8CFF46F}.Debug|Any CPU.ActiveCfg = Debug|Any CPU
		{776B6D37-2D2A-4369-89E5-8330C8CFF46F}.Debug|Any CPU.Build.0 = Debug|Any CPU
		{776B6D37-2D2A-4369-89E5-8330C8CFF46F}.Release|Any CPU.ActiveCfg = Release|Any CPU
		{776B6D37-2D2A-4369-89E5-8330C8CFF46F}.Release|Any CPU.Build.0 = Release|Any CPU
	EndGlobalSection
	GlobalSection(SolutionProperties) = preSolution
		HideSolutionNode = FALSE
	EndGlobalSection
EndGlobal
